{
  "version": 4,
  "terraform_version": "1.13.0",
  "serial": 102,
  "lineage": "59dfa58b-5a2c-09e1-e13a-6b1ebb007deb",
  "outputs": {
    "db_instance_endpoint": {
      "value": "ndh-db.cc4bjqrthx7g.us-gov-west-1.rds.amazonaws.com:5432",
      "type": "string"
    }
  },
  "resources": [
    {
      "mode": "data",
      "type": "aws_caller_identity",
      "name": "current",
      "provider": "provider[\"registry.terraform.io/hashicorp/aws\"]",
      "instances": [
        {
          "schema_version": 0,
          "attributes": {
            "account_id": "250902968334",
            "arn": "arn:aws-us-gov:sts::250902968334:assumed-role/ct-ado-dsac-application-admin/PJTJ",
            "id": "250902968334",
            "user_id": "AROATU2X3PAHGAKYB3V3Y:PJTJ"
          },
          "sensitive_attributes": [],
          "identity_schema_version": 0
        }
      ]
    },
    {
      "mode": "data",
      "type": "aws_partition",
      "name": "current",
      "provider": "provider[\"registry.terraform.io/hashicorp/aws\"]",
      "instances": [
        {
          "schema_version": 0,
          "attributes": {
            "dns_suffix": "amazonaws.com",
            "id": "aws-us-gov",
            "partition": "aws-us-gov",
            "reverse_dns_prefix": "com.amazonaws"
          },
          "sensitive_attributes": [],
          "identity_schema_version": 0
        }
      ]
    },
    {
      "mode": "data",
      "type": "aws_region",
      "name": "current",
      "provider": "provider[\"registry.terraform.io/hashicorp/aws\"]",
      "instances": [
        {
          "schema_version": 0,
          "attributes": {
            "description": "AWS GovCloud (US-West)",
            "endpoint": "ec2.us-gov-west-1.amazonaws.com",
            "id": "us-gov-west-1",
            "name": "us-gov-west-1"
          },
          "sensitive_attributes": [],
          "identity_schema_version": 0
        }
      ]
    },
    {
      "mode": "data",
      "type": "aws_secretsmanager_secret_version",
      "name": "rds_secret_version",
      "provider": "provider[\"registry.terraform.io/hashicorp/aws\"]",
      "instances": [
        {
          "schema_version": 0,
          "attributes": {
            "arn": "arn:aws-us-gov:secretsmanager:us-gov-west-1:250902968334:secret:rds!db-5b9fa1e5-8c4d-49ba-b9ac-22f16d061094-uYu1Kq",
            "created_date": "2025-08-22T02:09:45Z",
            "id": "arn:aws-us-gov:secretsmanager:us-gov-west-1:250902968334:secret:rds!db-5b9fa1e5-8c4d-49ba-b9ac-22f16d061094-uYu1Kq|AWSCURRENT",
            "secret_binary": "",
            "secret_id": "arn:aws-us-gov:secretsmanager:us-gov-west-1:250902968334:secret:rds!db-5b9fa1e5-8c4d-49ba-b9ac-22f16d061094-uYu1Kq",
            "secret_string": "{\"username\":\"ndh\",\"password\":\"v8q_JD?#.44E:v16dD[ZkjDR|?3z\"}",
            "version_id": "a2385af7-9d1f-4320-be4b-7affe7901b93",
            "version_stage": "AWSCURRENT",
            "version_stages": [
              "AWSCURRENT",
              "AWSPENDING"
            ]
          },
          "sensitive_attributes": [
            [
              {
                "type": "get_attr",
                "value": "secret_binary"
              }
            ],
            [
              {
                "type": "get_attr",
                "value": "secret_string"
              }
            ]
          ],
          "identity_schema_version": 0
        }
      ]
    },
    {
      "mode": "data",
      "type": "aws_subnets",
      "name": "private",
      "provider": "provider[\"registry.terraform.io/hashicorp/aws\"]",
      "instances": [
        {
          "schema_version": 0,
          "attributes": {
            "filter": [
              {
                "name": "tag:Name",
                "values": [
                  "dsac-gov-west-sandbox-private-a",
                  "dsac-gov-west-sandbox-private-b"
                ]
              }
            ],
            "id": "us-gov-west-1",
            "ids": [
              "subnet-04a0d342067da0795",
              "subnet-0e5eaf1f3ea69c8b2"
            ],
            "tags": null,
            "timeouts": null
          },
          "sensitive_attributes": [],
          "identity_schema_version": 0
        }
      ]
    },
    {
      "mode": "data",
      "type": "aws_subnets",
      "name": "public",
      "provider": "provider[\"registry.terraform.io/hashicorp/aws\"]",
      "instances": [
        {
          "schema_version": 0,
          "attributes": {
            "filter": [
              {
                "name": "tag:Name",
                "values": [
                  "dsac-gov-west-sandbox-public-a",
                  "dsac-gov-west-sandbox-public-b"
                ]
              }
            ],
            "id": "us-gov-west-1",
            "ids": [
              "subnet-0e1965027e4984b50",
              "subnet-0c7a6b6b4ff14e6c5"
            ],
            "tags": null,
            "timeouts": null
          },
          "sensitive_attributes": [],
          "identity_schema_version": 0
        }
      ]
    },
    {
      "mode": "data",
      "type": "aws_vpc",
      "name": "default",
      "provider": "provider[\"registry.terraform.io/hashicorp/aws\"]",
      "instances": [
        {
          "schema_version": 0,
          "attributes": {
            "arn": "arn:aws-us-gov:ec2:us-gov-west-1:250902968334:vpc/vpc-037d5cfd3c5964cbf",
            "cidr_block": "10.239.0.0/25",
            "cidr_block_associations": [
              {
                "association_id": "vpc-cidr-assoc-07ec1c9848b13ceb1",
                "cidr_block": "10.239.0.0/25",
                "state": "associated"
              },
              {
                "association_id": "vpc-cidr-assoc-072677f539feb279f",
                "cidr_block": "10.239.0.192/27",
                "state": "associated"
              }
            ],
            "default": false,
            "dhcp_options_id": "dopt-01b9b10cc9803cf6e",
            "enable_dns_hostnames": true,
            "enable_dns_support": true,
            "enable_network_address_usage_metrics": false,
            "filter": [
              {
                "name": "tag:Name",
                "values": [
                  "dsac-gov-west-sandbox"
                ]
              }
            ],
            "id": "vpc-037d5cfd3c5964cbf",
            "instance_tenancy": "default",
            "ipv6_association_id": "",
            "ipv6_cidr_block": "",
            "main_route_table_id": "rtb-08fa284debe0afa33",
            "owner_id": "250902968334",
            "state": null,
            "tags": {
              "Automated": "true",
              "Name": "dsac-gov-west-sandbox",
              "stack": "sandbox"
            },
            "timeouts": null
          },
          "sensitive_attributes": [],
          "identity_schema_version": 0
        }
      ]
    },
    {
      "mode": "managed",
      "type": "aws_cloudwatch_log_group",
      "name": "logs",
      "provider": "provider[\"registry.terraform.io/hashicorp/aws\"]",
      "instances": [
        {
          "schema_version": 0,
          "attributes": {
            "arn": "arn:aws-us-gov:logs:us-gov-west-1:250902968334:log-group:/ecs/ndh",
            "id": "/ecs/ndh",
            "kms_key_id": "",
            "log_group_class": "STANDARD",
            "name": "/ecs/ndh",
            "name_prefix": "",
            "retention_in_days": 0,
            "skip_destroy": false,
            "tags": {},
            "tags_all": {}
          },
          "sensitive_attributes": [],
          "identity_schema_version": 0,
          "private": "bnVsbA=="
        }
      ]
    },
    {
      "mode": "managed",
      "type": "aws_db_subnet_group",
      "name": "db",
      "provider": "provider[\"registry.terraform.io/hashicorp/aws\"]",
      "instances": [
        {
          "schema_version": 0,
          "attributes": {
            "arn": "arn:aws-us-gov:rds:us-gov-west-1:250902968334:subgrp:ndh-db-subnet",
            "description": "Managed by Terraform",
            "id": "ndh-db-subnet",
            "name": "ndh-db-subnet",
            "name_prefix": "",
            "subnet_ids": [
              "subnet-0c7a6b6b4ff14e6c5",
              "subnet-0e1965027e4984b50"
            ],
            "supported_network_types": [
              "IPV4"
            ],
            "tags": {},
            "tags_all": {},
            "vpc_id": "vpc-037d5cfd3c5964cbf"
          },
          "sensitive_attributes": [],
          "identity_schema_version": 0,
          "private": "bnVsbA==",
          "dependencies": [
            "data.aws_subnets.public"
          ]
        }
      ]
    },
    {
      "mode": "managed",
      "type": "aws_default_security_group",
      "name": "default",
      "provider": "provider[\"registry.terraform.io/hashicorp/aws\"]",
      "instances": [
        {
          "schema_version": 1,
          "attributes": {
            "arn": "arn:aws-us-gov:ec2:us-gov-west-1:250902968334:security-group/sg-063818c243a8f7906",
            "description": "default VPC security group",
            "egress": [],
            "id": "sg-063818c243a8f7906",
            "ingress": [],
            "name": "default",
            "name_prefix": "",
            "owner_id": "250902968334",
            "revoke_rules_on_delete": false,
            "tags": {},
            "tags_all": {},
            "vpc_id": "vpc-037d5cfd3c5964cbf"
          },
          "sensitive_attributes": [],
          "identity_schema_version": 0,
          "private": "eyJzY2hlbWFfdmVyc2lvbiI6IjEifQ==",
          "dependencies": [
            "data.aws_vpc.default"
          ]
        }
      ]
    },
    {
      "mode": "managed",
      "type": "aws_ecr_repository",
      "name": "app",
      "provider": "provider[\"registry.terraform.io/hashicorp/aws\"]",
      "instances": [
        {
          "schema_version": 0,
          "attributes": {
            "arn": "arn:aws-us-gov:ecr:us-gov-west-1:250902968334:repository/ndh",
            "encryption_configuration": [
              {
                "encryption_type": "AES256",
                "kms_key": ""
              }
            ],
            "force_delete": null,
            "id": "ndh",
            "image_scanning_configuration": [
              {
                "scan_on_push": false
              }
            ],
            "image_tag_mutability": "MUTABLE",
            "name": "ndh",
            "registry_id": "250902968334",
            "repository_url": "250902968334.dkr.ecr.us-gov-west-1.amazonaws.com/ndh",
            "tags": {},
            "tags_all": {},
            "timeouts": null
          },
          "sensitive_attributes": [],
          "identity_schema_version": 0,
          "private": "eyJlMmJmYjczMC1lY2FhLTExZTYtOGY4OC0zNDM2M2JjN2M0YzAiOnsiZGVsZXRlIjoxMjAwMDAwMDAwMDAwfX0="
        }
      ]
    },
    {
      "mode": "managed",
      "type": "aws_ecs_service",
      "name": "app",
      "provider": "provider[\"registry.terraform.io/hashicorp/aws\"]",
      "instances": [
        {
          "schema_version": 1,
          "attributes": {
            "alarms": [],
            "availability_zone_rebalancing": "DISABLED",
            "capacity_provider_strategy": [],
            "cluster": "arn:aws-us-gov:ecs:us-gov-west-1:250902968334:cluster/ndh",
            "deployment_circuit_breaker": [
              {
                "enable": false,
                "rollback": false
              }
            ],
            "deployment_controller": [
              {
                "type": "ECS"
              }
            ],
            "deployment_maximum_percent": 200,
            "deployment_minimum_healthy_percent": 100,
            "desired_count": 1,
            "enable_ecs_managed_tags": false,
            "enable_execute_command": false,
            "force_delete": null,
            "force_new_deployment": null,
            "health_check_grace_period_seconds": 0,
            "iam_role": "/aws-service-role/ecs.amazonaws.com/AWSServiceRoleForECS",
            "id": "arn:aws-us-gov:ecs:us-gov-west-1:250902968334:service/ndh/ndh-service",
            "launch_type": "FARGATE",
            "load_balancer": [
              {
                "container_name": "ndh",
                "container_port": 3000,
                "elb_name": "",
                "target_group_arn": "arn:aws-us-gov:elasticloadbalancing:us-gov-west-1:250902968334:targetgroup/ndh-tg/e85134e44dabca5a"
              }
            ],
            "name": "ndh-service",
            "network_configuration": [
              {
                "assign_public_ip": true,
                "security_groups": [
                  "sg-0ddea2c0ad04c9a2c"
                ],
                "subnets": [
                  "subnet-0c7a6b6b4ff14e6c5",
                  "subnet-0e1965027e4984b50"
                ]
              }
            ],
            "ordered_placement_strategy": [],
            "placement_constraints": [],
            "platform_version": "LATEST",
            "propagate_tags": "NONE",
            "scheduling_strategy": "REPLICA",
            "service_connect_configuration": [],
            "service_registries": [],
            "tags": {},
            "tags_all": {},
            "task_definition": "arn:aws-us-gov:ecs:us-gov-west-1:250902968334:task-definition/ndh-task:1",
            "timeouts": null,
            "triggers": {},
            "volume_configuration": [],
            "vpc_lattice_configurations": [],
            "wait_for_steady_state": false
          },
          "sensitive_attributes": [],
          "identity_schema_version": 0,
          "private": "eyJlMmJmYjczMC1lY2FhLTExZTYtOGY4OC0zNDM2M2JjN2M0YzAiOnsiY3JlYXRlIjoxMjAwMDAwMDAwMDAwLCJkZWxldGUiOjEyMDAwMDAwMDAwMDAsInVwZGF0ZSI6MTIwMDAwMDAwMDAwMH0sInNjaGVtYV92ZXJzaW9uIjoiMSJ9",
          "dependencies": [
            "aws_ecs_task_definition.app",
            "aws_iam_role.ecs_task_execution",
            "aws_lb_target_group.app",
            "aws_security_group.ecs",
            "data.aws_caller_identity.current",
            "data.aws_partition.current",
            "data.aws_region.current",
            "data.aws_subnets.public",
            "data.aws_vpc.default",
            "module.ecs.module.cluster.aws_cloudwatch_log_group.this",
            "module.ecs.module.cluster.aws_ecs_cluster.this"
          ]
        }
      ]
    },
    {
      "mode": "managed",
      "type": "aws_ecs_task_definition",
      "name": "app",
      "provider": "provider[\"registry.terraform.io/hashicorp/aws\"]",
      "instances": [
        {
          "schema_version": 1,
          "attributes": {
            "arn": "arn:aws-us-gov:ecs:us-gov-west-1:250902968334:task-definition/ndh-task:1",
            "arn_without_revision": "arn:aws-us-gov:ecs:us-gov-west-1:250902968334:task-definition/ndh-task",
            "container_definitions": "[{\"environment\":[],\"essential\":true,\"image\":\"public.ecr.aws/aws-containers/ecsdemo-frontend:latest\",\"logConfiguration\":{\"logDriver\":\"awslogs\",\"options\":{\"awslogs-region\":\"us-gov-west-1\",\"awslogs-stream-prefix\":\"ndh\",\"awslogs-group\":\"/ecs/ndh\"}},\"mountPoints\":[],\"name\":\"ndh\",\"portMappings\":[{\"containerPort\":3000,\"hostPort\":3000,\"protocol\":\"tcp\"}],\"systemControls\":[],\"volumesFrom\":[]}]",
            "cpu": "512",
            "enable_fault_injection": false,
            "ephemeral_storage": [],
            "execution_role_arn": "arn:aws-us-gov:iam::250902968334:role/delegatedadmin/developer/ecs-task-execution-role",
            "family": "ndh-task",
            "id": "ndh-task",
            "inference_accelerator": [],
            "ipc_mode": "",
            "memory": "1024",
            "network_mode": "awsvpc",
            "pid_mode": "",
            "placement_constraints": [],
            "proxy_configuration": [],
            "requires_compatibilities": [
              "FARGATE"
            ],
            "revision": 1,
            "runtime_platform": [],
            "skip_destroy": false,
            "tags": {},
            "tags_all": {},
            "task_role_arn": "",
            "track_latest": false,
            "volume": []
          },
          "sensitive_attributes": [],
          "identity_schema_version": 0,
          "private": "eyJzY2hlbWFfdmVyc2lvbiI6IjEifQ==",
          "dependencies": [
            "aws_iam_role.ecs_task_execution",
            "data.aws_caller_identity.current",
            "data.aws_partition.current",
            "data.aws_region.current"
          ]
        }
      ]
    },
    {
      "mode": "managed",
      "type": "aws_glue_connection",
      "name": "glue_job_connection",
      "provider": "provider[\"registry.terraform.io/hashicorp/aws\"]",
      "instances": [
        {
          "schema_version": 0,
          "attributes": {
            "arn": "arn:aws-us-gov:glue:us-gov-west-1:250902968334:connection/glue_job_script_db_connection",
            "athena_properties": {},
            "catalog_id": "250902968334",
            "connection_properties": {
              "JDBC_CONNECTION_URL": "jdbc:postgresql://ndh-db.cc4bjqrthx7g.us-gov-west-1.rds.amazonaws.com:5432/ndh",
              "PASSWORD": "v8q_JD?#.44E:v16dD[ZkjDR|?3z",
              "USERNAME": "ndh"
            },
            "connection_type": "JDBC",
            "description": "",
            "id": "250902968334:glue_job_script_db_connection",
            "match_criteria": [],
            "name": "glue_job_script_db_connection",
            "physical_connection_requirements": [
              {
                "availability_zone": "us-gov-west-1b",
                "security_group_id_list": [
                  "sg-0a24f586332cd6f5c"
                ],
                "subnet_id": "subnet-0c7a6b6b4ff14e6c5"
              }
            ],
            "tags": {},
            "tags_all": {}
          },
          "sensitive_attributes": [
            [
              {
                "type": "get_attr",
                "value": "athena_properties"
              }
            ],
            [
              {
                "type": "get_attr",
                "value": "connection_properties"
              }
            ],
            [
              {
                "type": "get_attr",
                "value": "connection_properties"
              },
              {
                "type": "index",
                "value": {
                  "value": "PASSWORD",
                  "type": "string"
                }
              }
            ],
            [
              {
                "type": "get_attr",
                "value": "connection_properties"
              },
              {
                "type": "index",
                "value": {
                  "value": "USERNAME",
                  "type": "string"
                }
              }
            ]
          ],
          "identity_schema_version": 0,
          "private": "bnVsbA==",
          "dependencies": [
            "aws_db_subnet_group.db",
            "aws_security_group.ecs",
            "aws_security_group.glue_sg",
            "aws_security_group.rds_sg",
            "data.aws_secretsmanager_secret_version.rds_secret_version",
            "data.aws_subnets.public",
            "data.aws_vpc.default",
            "module.rds.module.db_instance.aws_cloudwatch_log_group.this",
            "module.rds.module.db_instance.aws_db_instance.this",
            "module.rds.module.db_instance.aws_iam_role.enhanced_monitoring",
            "module.rds.module.db_instance.data.aws_iam_policy_document.enhanced_monitoring",
            "module.rds.module.db_instance.random_id.snapshot_identifier",
            "module.rds.module.db_option_group.aws_db_option_group.this",
            "module.rds.module.db_parameter_group.aws_db_parameter_group.this",
            "module.rds.module.db_subnet_group.aws_db_subnet_group.this"
          ]
        }
      ]
    },
    {
      "mode": "managed",
      "type": "aws_glue_job",
      "name": "python_shell_job",
      "provider": "provider[\"registry.terraform.io/hashicorp/aws\"]",
      "instances": [
        {
          "schema_version": 0,
          "attributes": {
            "arn": "arn:aws-us-gov:glue:us-gov-west-1:250902968334:job/load-fips-python-shell-job",
            "command": [
              {
                "name": "pythonshell",
                "python_version": "3.9",
                "runtime": "",
                "script_location": "s3://ndh-glue-scripts-bucket/scripts/loadFIPS.py"
              }
            ],
            "connections": [],
            "default_arguments": {
              "--DB_HOST": "ndh-db.cc4bjqrthx7g.us-gov-west-1.rds.amazonaws.com",
              "--DB_NAME": "ndh",
              "--DB_PASSWORD": "v8q_JD?#.44E:v16dD[ZkjDR|?3z",
              "--DB_PORT": "5432",
              "--DB_USER": "ndh",
              "--MAX_RETRIES": "3",
              "--additional-python-modules": "requests==2.32.3, pandas==2.3.1, sqlalchemy==2.0.41, python-dotenv==1.1.1",
              "--continuous-log-logGroup": "/aws-glue/jobs",
              "--enable-continuous-cloudwatch-log": "true",
              "--job-language": "python"
            },
            "description": "A python job that loads FIPS data",
            "execution_class": "",
            "execution_property": [
              {
                "max_concurrent_runs": 1
              }
            ],
            "glue_version": "5.0",
            "id": "load-fips-python-shell-job",
            "job_run_queuing_enabled": false,
            "maintenance_window": "",
            "max_capacity": 0.0625,
            "max_retries": 0,
            "name": "load-fips-python-shell-job",
            "non_overridable_arguments": {},
            "notification_property": [],
            "number_of_workers": 0,
            "role_arn": "arn:aws-us-gov:iam::250902968334:role/glue-job-role",
            "security_configuration": "",
            "source_control_details": [],
            "tags": {
              "ManagedBy": "AWS"
            },
            "tags_all": {
              "ManagedBy": "AWS"
            },
            "timeout": 2880,
            "worker_type": ""
          },
          "sensitive_attributes": [
            [
              {
                "type": "get_attr",
                "value": "default_arguments"
              },
              {
                "type": "index",
                "value": {
                  "value": "--DB_PASSWORD",
                  "type": "string"
                }
              }
            ],
            [
              {
                "type": "get_attr",
                "value": "default_arguments"
              },
              {
                "type": "index",
                "value": {
                  "value": "--DB_USER",
                  "type": "string"
                }
              }
            ]
          ],
          "identity_schema_version": 0,
          "private": "bnVsbA==",
          "dependencies": [
            "aws_db_subnet_group.db",
            "aws_iam_role.glue_job_role",
            "aws_s3_bucket.glue_scripts",
            "aws_s3_object.glue_job_script",
            "aws_security_group.ecs",
            "aws_security_group.glue_sg",
            "aws_security_group.rds_sg",
            "data.aws_secretsmanager_secret_version.rds_secret_version",
            "data.aws_subnets.public",
            "data.aws_vpc.default",
            "module.rds.module.db_instance.aws_cloudwatch_log_group.this",
            "module.rds.module.db_instance.aws_db_instance.this",
            "module.rds.module.db_instance.aws_iam_role.enhanced_monitoring",
            "module.rds.module.db_instance.data.aws_iam_policy_document.enhanced_monitoring",
            "module.rds.module.db_instance.random_id.snapshot_identifier",
            "module.rds.module.db_option_group.aws_db_option_group.this",
            "module.rds.module.db_parameter_group.aws_db_parameter_group.this",
            "module.rds.module.db_subnet_group.aws_db_subnet_group.this"
          ]
        }
      ]
    },
    {
      "mode": "managed",
      "type": "aws_iam_policy",
      "name": "ecs_task_logs_policy",
      "provider": "provider[\"registry.terraform.io/hashicorp/aws\"]",
      "instances": [
        {
          "schema_version": 0,
          "attributes": {
            "arn": "arn:aws-us-gov:iam::250902968334:policy/delegatedadmin/developer/ecs-task-logs-policy",
            "attachment_count": 1,
            "description": "Allow ECS tasks to write logs to CloudWatch",
            "id": "arn:aws-us-gov:iam::250902968334:policy/delegatedadmin/developer/ecs-task-logs-policy",
            "name": "ecs-task-logs-policy",
            "name_prefix": "",
            "path": "/delegatedadmin/developer/",
            "policy": "{\"Statement\":[{\"Action\":[\"logs:CreateLogStream\",\"logs:PutLogEvents\"],\"Effect\":\"Allow\",\"Resource\":\"arn:aws-us-gov:logs:*:250902968334:log-group:/ecs/ndh*:*\"}],\"Version\":\"2012-10-17\"}",
            "policy_id": "ANPATU2X3PAHD4HPGT3QN",
            "tags": {},
            "tags_all": {}
          },
          "sensitive_attributes": [],
          "identity_schema_version": 0,
          "private": "bnVsbA==",
          "dependencies": [
            "data.aws_caller_identity.current",
            "data.aws_partition.current"
          ]
        }
      ]
    },
    {
      "mode": "managed",
      "type": "aws_iam_policy",
      "name": "glue_job_policy",
      "provider": "provider[\"registry.terraform.io/hashicorp/aws\"]",
      "instances": [
        {
          "schema_version": 0,
          "attributes": {
            "arn": "arn:aws-us-gov:iam::250902968334:policy/glue-job-custom-policy",
            "attachment_count": 1,
            "description": "",
            "id": "arn:aws-us-gov:iam::250902968334:policy/glue-job-custom-policy",
            "name": "glue-job-custom-policy",
            "name_prefix": "",
            "path": "/",
            "policy": "{\"Statement\":[{\"Action\":\"s3:GetObject\",\"Effect\":\"Allow\",\"Resource\":[\"arn:aws-us-gov:s3:::ndh-glue-scripts-bucket\",\"arn:aws-us-gov:s3:::ndh-glue-scripts-bucket/*\"]}],\"Version\":\"2012-10-17\"}",
            "policy_id": "ANPATU2X3PAHKUKJEK5MJ",
            "tags": {},
            "tags_all": {}
          },
          "sensitive_attributes": [],
          "identity_schema_version": 0,
          "private": "bnVsbA==",
          "dependencies": [
            "aws_s3_bucket.glue_scripts"
          ]
        }
      ]
    },
    {
      "mode": "managed",
      "type": "aws_iam_policy_attachment",
      "name": "glue_job_managed_policy_attachment",
      "provider": "provider[\"registry.terraform.io/hashicorp/aws\"]",
      "instances": [
        {
          "schema_version": 0,
          "attributes": {
            "groups": [],
            "id": "glue_job_managed_policy_attachment",
            "name": "glue_job_managed_policy_attachment",
            "policy_arn": "arn:aws-us-gov:iam::aws:policy/service-role/AWSGlueServiceRole",
            "roles": [
              "glue-job-role"
            ],
            "users": []
          },
          "sensitive_attributes": [],
          "identity_schema_version": 0,
          "private": "bnVsbA==",
          "dependencies": [
            "aws_iam_role.glue_job_role"
          ]
        }
      ]
    },
    {
      "mode": "managed",
      "type": "aws_iam_policy_attachment",
      "name": "glue_job_policy_attachment",
      "provider": "provider[\"registry.terraform.io/hashicorp/aws\"]",
      "instances": [
        {
          "schema_version": 0,
          "attributes": {
            "groups": [],
            "id": "glue_job_policy_attachment",
            "name": "glue_job_policy_attachment",
            "policy_arn": "arn:aws-us-gov:iam::250902968334:policy/glue-job-custom-policy",
            "roles": [
              "glue-job-role"
            ],
            "users": []
          },
          "sensitive_attributes": [],
          "identity_schema_version": 0,
          "private": "bnVsbA==",
          "dependencies": [
            "aws_iam_policy.glue_job_policy",
            "aws_iam_role.glue_job_role",
            "aws_s3_bucket.glue_scripts"
          ]
        }
      ]
    },
    {
      "mode": "managed",
      "type": "aws_iam_role",
      "name": "ecs_task_execution",
      "provider": "provider[\"registry.terraform.io/hashicorp/aws\"]",
      "instances": [
        {
          "schema_version": 0,
          "attributes": {
            "arn": "arn:aws-us-gov:iam::250902968334:role/delegatedadmin/developer/ecs-task-execution-role",
            "assume_role_policy": "{\"Statement\":[{\"Action\":\"sts:AssumeRole\",\"Effect\":\"Allow\",\"Principal\":{\"Service\":\"ecs-tasks.amazonaws.com\"}}],\"Version\":\"2012-10-17\"}",
            "create_date": "2025-06-27T21:21:46Z",
            "description": "",
            "force_detach_policies": false,
            "id": "ecs-task-execution-role",
            "inline_policy": [],
            "managed_policy_arns": [
              "arn:aws-us-gov:iam::250902968334:policy/delegatedadmin/developer/ecs-task-logs-policy",
              "arn:aws-us-gov:iam::aws:policy/service-role/AmazonECSTaskExecutionRolePolicy"
            ],
            "max_session_duration": 3600,
            "name": "ecs-task-execution-role",
            "name_prefix": "",
            "path": "/delegatedadmin/developer/",
            "permissions_boundary": "arn:aws-us-gov:iam::250902968334:policy/cms-cloud-admin/developer-boundary-policy",
            "tags": {},
            "tags_all": {},
            "unique_id": "AROATU2X3PAHE7RVSZLOQ"
          },
          "sensitive_attributes": [],
          "identity_schema_version": 0,
          "private": "bnVsbA==",
          "dependencies": [
            "data.aws_caller_identity.current",
            "data.aws_partition.current"
          ]
        }
      ]
    },
    {
      "mode": "managed",
      "type": "aws_iam_role",
      "name": "glue_job_role",
      "provider": "provider[\"registry.terraform.io/hashicorp/aws\"]",
      "instances": [
        {
          "schema_version": 0,
          "attributes": {
            "arn": "arn:aws-us-gov:iam::250902968334:role/glue-job-role",
            "assume_role_policy": "{\"Statement\":[{\"Action\":\"sts:AssumeRole\",\"Effect\":\"Allow\",\"Principal\":{\"Service\":\"glue.amazonaws.com\"}}],\"Version\":\"2012-10-17\"}",
            "create_date": "2025-08-27T20:27:31Z",
            "description": "",
            "force_detach_policies": false,
            "id": "glue-job-role",
            "inline_policy": [],
            "managed_policy_arns": [
              "arn:aws-us-gov:iam::250902968334:policy/glue-job-custom-policy",
              "arn:aws-us-gov:iam::aws:policy/service-role/AWSGlueServiceRole"
            ],
            "max_session_duration": 3600,
            "name": "glue-job-role",
            "name_prefix": "",
            "path": "/",
            "permissions_boundary": "",
            "tags": {},
            "tags_all": {},
            "unique_id": "AROATU2X3PAHOEWATEIKB"
          },
          "sensitive_attributes": [],
          "identity_schema_version": 0,
          "private": "bnVsbA=="
        }
      ]
    },
    {
      "mode": "managed",
      "type": "aws_iam_role_policy_attachment",
      "name": "ecs_task_execution",
      "provider": "provider[\"registry.terraform.io/hashicorp/aws\"]",
      "instances": [
        {
          "schema_version": 0,
          "attributes": {
            "id": "ecs-task-execution-role-20250627212146908000000003",
            "policy_arn": "arn:aws-us-gov:iam::aws:policy/service-role/AmazonECSTaskExecutionRolePolicy",
            "role": "ecs-task-execution-role"
          },
          "sensitive_attributes": [],
          "identity_schema_version": 0,
          "private": "bnVsbA==",
          "dependencies": [
            "aws_iam_role.ecs_task_execution",
            "data.aws_caller_identity.current",
            "data.aws_partition.current"
          ]
        }
      ]
    },
    {
      "mode": "managed",
      "type": "aws_iam_role_policy_attachment",
      "name": "ecs_task_logs",
      "provider": "provider[\"registry.terraform.io/hashicorp/aws\"]",
      "instances": [
        {
          "schema_version": 0,
          "attributes": {
            "id": "ecs-task-execution-role-20250627212146898800000002",
            "policy_arn": "arn:aws-us-gov:iam::250902968334:policy/delegatedadmin/developer/ecs-task-logs-policy",
            "role": "ecs-task-execution-role"
          },
          "sensitive_attributes": [],
          "identity_schema_version": 0,
          "private": "bnVsbA==",
          "dependencies": [
            "aws_iam_policy.ecs_task_logs_policy",
            "aws_iam_role.ecs_task_execution",
            "data.aws_caller_identity.current",
            "data.aws_partition.current"
          ]
        }
      ]
    },
    {
      "mode": "managed",
      "type": "aws_lb",
      "name": "alb",
      "provider": "provider[\"registry.terraform.io/hashicorp/aws\"]",
      "instances": [
        {
          "schema_version": 0,
          "attributes": {
            "access_logs": [
              {
                "bucket": "",
                "enabled": false,
                "prefix": ""
              }
            ],
            "arn": "arn:aws-us-gov:elasticloadbalancing:us-gov-west-1:250902968334:loadbalancer/app/ndh-alb/812a6a4f8224c584",
            "arn_suffix": "app/ndh-alb/812a6a4f8224c584",
            "client_keep_alive": 3600,
            "connection_logs": [
              {
                "bucket": "",
                "enabled": false,
                "prefix": ""
              }
            ],
            "customer_owned_ipv4_pool": "",
            "desync_mitigation_mode": "defensive",
            "dns_name": "ndh-alb-1866093491.us-gov-west-1.elb.amazonaws.com",
            "dns_record_client_routing_policy": null,
            "drop_invalid_header_fields": false,
            "enable_cross_zone_load_balancing": true,
            "enable_deletion_protection": false,
            "enable_http2": true,
            "enable_tls_version_and_cipher_suite_headers": false,
            "enable_waf_fail_open": false,
            "enable_xff_client_port": false,
            "enable_zonal_shift": false,
            "enforce_security_group_inbound_rules_on_private_link_traffic": "",
            "id": "arn:aws-us-gov:elasticloadbalancing:us-gov-west-1:250902968334:loadbalancer/app/ndh-alb/812a6a4f8224c584",
            "idle_timeout": 60,
            "internal": false,
            "ip_address_type": "ipv4",
            "ipam_pools": [],
            "load_balancer_type": "application",
            "minimum_load_balancer_capacity": [],
            "name": "ndh-alb",
            "name_prefix": "",
            "preserve_host_header": false,
            "security_groups": [
              "sg-0ddea2c0ad04c9a2c"
            ],
            "subnet_mapping": [
              {
                "allocation_id": "",
                "ipv6_address": "",
                "outpost_id": "",
                "private_ipv4_address": "",
                "subnet_id": "subnet-0c7a6b6b4ff14e6c5"
              },
              {
                "allocation_id": "",
                "ipv6_address": "",
                "outpost_id": "",
                "private_ipv4_address": "",
                "subnet_id": "subnet-0e1965027e4984b50"
              }
            ],
            "subnets": [
              "subnet-0c7a6b6b4ff14e6c5",
              "subnet-0e1965027e4984b50"
            ],
            "tags": {},
            "tags_all": {},
            "timeouts": null,
            "vpc_id": "vpc-037d5cfd3c5964cbf",
            "xff_header_processing_mode": "append",
            "zone_id": "Z33AYJ8TM3BH4J"
          },
          "sensitive_attributes": [],
          "identity_schema_version": 0,
          "private": "eyJlMmJmYjczMC1lY2FhLTExZTYtOGY4OC0zNDM2M2JjN2M0YzAiOnsiY3JlYXRlIjo2MDAwMDAwMDAwMDAsImRlbGV0ZSI6NjAwMDAwMDAwMDAwLCJ1cGRhdGUiOjYwMDAwMDAwMDAwMH19",
          "dependencies": [
            "aws_security_group.ecs",
            "data.aws_subnets.public",
            "data.aws_vpc.default"
          ]
        }
      ]
    },
    {
      "mode": "managed",
      "type": "aws_lb_listener",
      "name": "http",
      "provider": "provider[\"registry.terraform.io/hashicorp/aws\"]",
      "instances": [
        {
          "schema_version": 0,
          "attributes": {
            "alpn_policy": null,
            "arn": "arn:aws-us-gov:elasticloadbalancing:us-gov-west-1:250902968334:listener/app/ndh-alb/812a6a4f8224c584/39a376e8a1f14aef",
            "certificate_arn": null,
            "default_action": [
              {
                "authenticate_cognito": [],
                "authenticate_oidc": [],
                "fixed_response": [],
                "forward": [],
                "order": 1,
                "redirect": [],
                "target_group_arn": "arn:aws-us-gov:elasticloadbalancing:us-gov-west-1:250902968334:targetgroup/ndh-tg/e85134e44dabca5a",
                "type": "forward"
              }
            ],
            "id": "arn:aws-us-gov:elasticloadbalancing:us-gov-west-1:250902968334:listener/app/ndh-alb/812a6a4f8224c584/39a376e8a1f14aef",
            "load_balancer_arn": "arn:aws-us-gov:elasticloadbalancing:us-gov-west-1:250902968334:loadbalancer/app/ndh-alb/812a6a4f8224c584",
            "mutual_authentication": [],
            "port": 80,
            "protocol": "HTTP",
            "routing_http_request_x_amzn_mtls_clientcert_header_name": null,
            "routing_http_request_x_amzn_mtls_clientcert_issuer_header_name": null,
            "routing_http_request_x_amzn_mtls_clientcert_leaf_header_name": null,
            "routing_http_request_x_amzn_mtls_clientcert_serial_number_header_name": null,
            "routing_http_request_x_amzn_mtls_clientcert_subject_header_name": null,
            "routing_http_request_x_amzn_mtls_clientcert_validity_header_name": null,
            "routing_http_request_x_amzn_tls_cipher_suite_header_name": null,
            "routing_http_request_x_amzn_tls_version_header_name": null,
            "routing_http_response_access_control_allow_credentials_header_value": "",
            "routing_http_response_access_control_allow_headers_header_value": "",
            "routing_http_response_access_control_allow_methods_header_value": "",
            "routing_http_response_access_control_allow_origin_header_value": "",
            "routing_http_response_access_control_expose_headers_header_value": "",
            "routing_http_response_access_control_max_age_header_value": "",
            "routing_http_response_content_security_policy_header_value": "",
            "routing_http_response_server_enabled": true,
            "routing_http_response_strict_transport_security_header_value": "",
            "routing_http_response_x_content_type_options_header_value": "",
            "routing_http_response_x_frame_options_header_value": "",
            "ssl_policy": "",
            "tags": {},
            "tags_all": {},
            "tcp_idle_timeout_seconds": null,
            "timeouts": null
          },
          "sensitive_attributes": [],
          "identity_schema_version": 0,
          "private": "eyJlMmJmYjczMC1lY2FhLTExZTYtOGY4OC0zNDM2M2JjN2M0YzAiOnsiY3JlYXRlIjozMDAwMDAwMDAwMDAsInVwZGF0ZSI6MzAwMDAwMDAwMDAwfX0=",
          "dependencies": [
            "aws_lb.alb",
            "aws_lb_target_group.app",
            "aws_security_group.ecs",
            "data.aws_subnets.public",
            "data.aws_vpc.default"
          ]
        }
      ]
    },
    {
      "mode": "managed",
      "type": "aws_lb_target_group",
      "name": "app",
      "provider": "provider[\"registry.terraform.io/hashicorp/aws\"]",
      "instances": [
        {
          "schema_version": 0,
          "attributes": {
            "arn": "arn:aws-us-gov:elasticloadbalancing:us-gov-west-1:250902968334:targetgroup/ndh-tg/e85134e44dabca5a",
            "arn_suffix": "targetgroup/ndh-tg/e85134e44dabca5a",
            "connection_termination": null,
            "deregistration_delay": "300",
            "health_check": [
              {
                "enabled": true,
                "healthy_threshold": 2,
                "interval": 30,
                "matcher": "200",
                "path": "/health",
                "port": "3000",
                "protocol": "HTTP",
                "timeout": 5,
                "unhealthy_threshold": 10
              }
            ],
            "id": "arn:aws-us-gov:elasticloadbalancing:us-gov-west-1:250902968334:targetgroup/ndh-tg/e85134e44dabca5a",
            "ip_address_type": "ipv4",
            "lambda_multi_value_headers_enabled": false,
            "load_balancer_arns": [
              "arn:aws-us-gov:elasticloadbalancing:us-gov-west-1:250902968334:loadbalancer/app/ndh-alb/812a6a4f8224c584"
            ],
            "load_balancing_algorithm_type": "round_robin",
            "load_balancing_anomaly_mitigation": "off",
            "load_balancing_cross_zone_enabled": "use_load_balancer_configuration",
            "name": "ndh-tg",
            "name_prefix": "",
            "port": 3000,
            "preserve_client_ip": null,
            "protocol": "HTTP",
            "protocol_version": "HTTP1",
            "proxy_protocol_v2": false,
            "slow_start": 0,
            "stickiness": [
              {
                "cookie_duration": 86400,
                "cookie_name": "",
                "enabled": false,
                "type": "lb_cookie"
              }
            ],
            "tags": {},
            "tags_all": {},
            "target_failover": [
              {
                "on_deregistration": null,
                "on_unhealthy": null
              }
            ],
            "target_group_health": [
              {
                "dns_failover": [
                  {
                    "minimum_healthy_targets_count": "1",
                    "minimum_healthy_targets_percentage": "off"
                  }
                ],
                "unhealthy_state_routing": [
                  {
                    "minimum_healthy_targets_count": 1,
                    "minimum_healthy_targets_percentage": "off"
                  }
                ]
              }
            ],
            "target_health_state": [
              {
                "enable_unhealthy_connection_termination": null,
                "unhealthy_draining_interval": null
              }
            ],
            "target_type": "ip",
            "vpc_id": "vpc-037d5cfd3c5964cbf"
          },
          "sensitive_attributes": [],
          "identity_schema_version": 0,
          "private": "bnVsbA==",
          "dependencies": [
            "data.aws_vpc.default"
          ]
        }
      ]
    },
    {
      "mode": "managed",
      "type": "aws_s3_bucket",
      "name": "glue_scripts",
      "provider": "provider[\"registry.terraform.io/hashicorp/aws\"]",
      "instances": [
        {
          "schema_version": 0,
          "attributes": {
            "acceleration_status": "",
            "acl": null,
            "arn": "arn:aws-us-gov:s3:::ndh-glue-scripts-bucket",
            "bucket": "ndh-glue-scripts-bucket",
            "bucket_domain_name": "ndh-glue-scripts-bucket.s3.amazonaws.com",
            "bucket_prefix": "",
            "bucket_regional_domain_name": "ndh-glue-scripts-bucket.s3.us-gov-west-1.amazonaws.com",
            "cors_rule": [],
            "force_destroy": false,
            "grant": [
              {
                "id": "189549b62dece62625c39d8650b9faca5d6cd2f1379295a3a6dc885f0af25cc3",
                "permissions": [
                  "FULL_CONTROL"
                ],
                "type": "CanonicalUser",
                "uri": ""
              }
            ],
            "hosted_zone_id": "Z31GFT0UA1I2HV",
            "id": "ndh-glue-scripts-bucket",
            "lifecycle_rule": [],
            "logging": [],
            "object_lock_configuration": [],
            "object_lock_enabled": false,
            "policy": "",
            "region": "us-gov-west-1",
            "replication_configuration": [],
            "request_payer": "BucketOwner",
            "server_side_encryption_configuration": [
              {
                "rule": [
                  {
                    "apply_server_side_encryption_by_default": [
                      {
                        "kms_master_key_id": "",
                        "sse_algorithm": "AES256"
                      }
                    ],
                    "bucket_key_enabled": false
                  }
                ]
              }
            ],
            "tags": {},
            "tags_all": {},
            "timeouts": null,
            "versioning": [
              {
                "enabled": false,
                "mfa_delete": false
              }
            ],
            "website": [],
            "website_domain": null,
            "website_endpoint": null
          },
          "sensitive_attributes": [],
          "identity_schema_version": 0,
          "private": "eyJlMmJmYjczMC1lY2FhLTExZTYtOGY4OC0zNDM2M2JjN2M0YzAiOnsiY3JlYXRlIjoxMjAwMDAwMDAwMDAwLCJkZWxldGUiOjM2MDAwMDAwMDAwMDAsInJlYWQiOjEyMDAwMDAwMDAwMDAsInVwZGF0ZSI6MTIwMDAwMDAwMDAwMH19"
        }
      ]
    },
    {
      "mode": "managed",
      "type": "aws_s3_object",
      "name": "glue_job_script",
      "provider": "provider[\"registry.terraform.io/hashicorp/aws\"]",
      "instances": [
        {
          "schema_version": 0,
          "attributes": {
            "acl": null,
            "arn": "arn:aws-us-gov:s3:::ndh-glue-scripts-bucket/scripts/loadFIPS.py",
            "bucket": "ndh-glue-scripts-bucket",
            "bucket_key_enabled": false,
            "cache_control": "",
            "checksum_algorithm": null,
            "checksum_crc32": "",
            "checksum_crc32c": "",
            "checksum_crc64nvme": "",
            "checksum_sha1": "",
            "checksum_sha256": "",
            "content": null,
            "content_base64": null,
            "content_disposition": "",
            "content_encoding": "",
            "content_language": "",
            "content_type": "application/octet-stream; charset=UTF-8",
            "etag": "b60ddf774df4ef5b9aaf6816c2963942",
            "force_destroy": false,
            "id": "scripts/loadFIPS.py",
            "key": "scripts/loadFIPS.py",
            "kms_key_id": null,
            "metadata": {},
            "object_lock_legal_hold_status": "",
            "object_lock_mode": "",
            "object_lock_retain_until_date": "",
            "override_provider": [],
            "server_side_encryption": "AES256",
            "source": "/Users/pjtj/Documents/npd/etls/loadFIPS/loadFIPS.py",
            "source_hash": null,
            "storage_class": "STANDARD",
            "tags": {},
            "tags_all": {},
            "version_id": "",
            "website_redirect": ""
          },
          "sensitive_attributes": [],
          "identity_schema_version": 0,
          "private": "bnVsbA==",
          "dependencies": [
            "aws_s3_bucket.glue_scripts"
          ]
        }
      ]
    },
    {
      "mode": "managed",
      "type": "aws_s3_object",
      "name": "glue_job_script_requirements",
      "provider": "provider[\"registry.terraform.io/hashicorp/aws\"]",
      "instances": [
        {
          "schema_version": 0,
          "attributes": {
            "acl": null,
            "arn": "arn:aws-us-gov:s3:::ndh-glue-scripts-bucket/scripts/requirements.txt",
            "bucket": "ndh-glue-scripts-bucket",
            "bucket_key_enabled": false,
            "cache_control": "",
            "checksum_algorithm": null,
            "checksum_crc32": "",
            "checksum_crc32c": "",
            "checksum_crc64nvme": "",
            "checksum_sha1": "",
            "checksum_sha256": "",
            "content": null,
            "content_base64": null,
            "content_disposition": "",
            "content_encoding": "",
            "content_language": "",
            "content_type": "application/octet-stream",
            "etag": "9e74a8aa3497c1b9e5da4b66ea0c5a06",
            "force_destroy": false,
            "id": "scripts/requirements.txt",
            "key": "scripts/requirements.txt",
            "kms_key_id": null,
            "metadata": {},
            "object_lock_legal_hold_status": "",
            "object_lock_mode": "",
            "object_lock_retain_until_date": "",
            "override_provider": [],
            "server_side_encryption": "AES256",
            "source": "/Users/pjtj/Documents/npd/etls/loadFIPS/requirements.txt",
            "source_hash": null,
            "storage_class": "STANDARD",
            "tags": {},
            "tags_all": {},
            "version_id": "",
            "website_redirect": ""
          },
          "sensitive_attributes": [],
          "identity_schema_version": 0,
          "private": "bnVsbA==",
          "dependencies": [
            "aws_s3_bucket.glue_scripts"
          ]
        }
      ]
    },
    {
      "mode": "managed",
      "type": "aws_security_group",
      "name": "ecs",
      "provider": "provider[\"registry.terraform.io/hashicorp/aws\"]",
      "instances": [
        {
          "schema_version": 1,
          "attributes": {
            "arn": "arn:aws-us-gov:ec2:us-gov-west-1:250902968334:security-group/sg-0ddea2c0ad04c9a2c",
            "description": "Managed by Terraform",
            "egress": [
              {
                "cidr_blocks": [
                  "0.0.0.0/0"
                ],
                "description": "",
                "from_port": 0,
                "ipv6_cidr_blocks": [],
                "prefix_list_ids": [],
                "protocol": "-1",
                "security_groups": [],
                "self": false,
                "to_port": 0
              }
            ],
            "id": "sg-0ddea2c0ad04c9a2c",
            "ingress": [
              {
                "cidr_blocks": [
                  "0.0.0.0/0"
                ],
                "description": "",
                "from_port": 3000,
                "ipv6_cidr_blocks": [],
                "prefix_list_ids": [],
                "protocol": "tcp",
                "security_groups": [],
                "self": false,
                "to_port": 3000
              },
              {
                "cidr_blocks": [
                  "0.0.0.0/0"
                ],
                "description": "",
                "from_port": 443,
                "ipv6_cidr_blocks": [],
                "prefix_list_ids": [],
                "protocol": "tcp",
                "security_groups": [],
                "self": false,
                "to_port": 443
              },
              {
                "cidr_blocks": [
                  "0.0.0.0/0"
                ],
                "description": "",
                "from_port": 80,
                "ipv6_cidr_blocks": [],
                "prefix_list_ids": [],
                "protocol": "tcp",
                "security_groups": [],
                "self": false,
                "to_port": 80
              }
            ],
            "name": "ndh-sg",
            "name_prefix": "",
            "owner_id": "250902968334",
            "revoke_rules_on_delete": false,
            "tags": {},
            "tags_all": {},
            "timeouts": null,
            "vpc_id": "vpc-037d5cfd3c5964cbf"
          },
          "sensitive_attributes": [],
          "identity_schema_version": 0,
          "private": "eyJlMmJmYjczMC1lY2FhLTExZTYtOGY4OC0zNDM2M2JjN2M0YzAiOnsiY3JlYXRlIjo2MDAwMDAwMDAwMDAsImRlbGV0ZSI6OTAwMDAwMDAwMDAwfSwic2NoZW1hX3ZlcnNpb24iOiIxIn0=",
          "dependencies": [
            "data.aws_vpc.default"
          ]
        }
      ]
    },
    {
      "mode": "managed",
      "type": "aws_security_group",
      "name": "glue_sg",
      "provider": "provider[\"registry.terraform.io/hashicorp/aws\"]",
      "instances": [
        {
          "schema_version": 1,
          "attributes": {
            "arn": "arn:aws-us-gov:ec2:us-gov-west-1:250902968334:security-group/sg-0a24f586332cd6f5c",
            "description": "Common security group for Glue jobs",
            "egress": [
              {
                "cidr_blocks": [
                  "0.0.0.0/0"
                ],
                "description": "",
                "from_port": 0,
                "ipv6_cidr_blocks": [],
                "prefix_list_ids": [],
                "protocol": "-1",
                "security_groups": [],
                "self": false,
                "to_port": 0
              }
            ],
            "id": "sg-0a24f586332cd6f5c",
            "ingress": [
              {
                "cidr_blocks": [],
                "description": "",
                "from_port": 0,
                "ipv6_cidr_blocks": [],
                "prefix_list_ids": [],
                "protocol": "-1",
                "security_groups": [],
                "self": true,
                "to_port": 0
              }
            ],
            "name": "glue-sg",
            "name_prefix": "",
            "owner_id": "250902968334",
            "revoke_rules_on_delete": false,
            "tags": {},
            "tags_all": {},
            "timeouts": null,
            "vpc_id": "vpc-037d5cfd3c5964cbf"
          },
          "sensitive_attributes": [],
          "identity_schema_version": 0,
          "private": "eyJlMmJmYjczMC1lY2FhLTExZTYtOGY4OC0zNDM2M2JjN2M0YzAiOnsiY3JlYXRlIjo2MDAwMDAwMDAwMDAsImRlbGV0ZSI6OTAwMDAwMDAwMDAwfSwic2NoZW1hX3ZlcnNpb24iOiIxIn0=",
          "dependencies": [
            "data.aws_vpc.default"
          ]
        }
      ]
    },
    {
      "mode": "managed",
      "type": "aws_security_group",
      "name": "rds_sg",
      "provider": "provider[\"registry.terraform.io/hashicorp/aws\"]",
      "instances": [
        {
          "schema_version": 1,
          "attributes": {
            "arn": "arn:aws-us-gov:ec2:us-gov-west-1:250902968334:security-group/sg-080d986c03556942f",
            "description": "Allow ECS tasks to access RDS",
            "egress": [
              {
                "cidr_blocks": [
                  "0.0.0.0/0"
                ],
                "description": "",
                "from_port": 0,
                "ipv6_cidr_blocks": [],
                "prefix_list_ids": [],
                "protocol": "-1",
                "security_groups": [],
                "self": false,
                "to_port": 0
              }
            ],
            "id": "sg-080d986c03556942f",
            "ingress": [
              {
                "cidr_blocks": [
                  "0.0.0.0/0"
                ],
                "description": "",
                "from_port": 5432,
                "ipv6_cidr_blocks": [],
                "prefix_list_ids": [],
                "protocol": "tcp",
                "security_groups": [],
                "self": false,
                "to_port": 5432
              },
              {
                "cidr_blocks": [],
                "description": "",
                "from_port": 5432,
                "ipv6_cidr_blocks": [],
                "prefix_list_ids": [],
                "protocol": "tcp",
                "security_groups": [
                  "sg-0a24f586332cd6f5c"
                ],
                "self": false,
                "to_port": 5432
              },
              {
                "cidr_blocks": [],
                "description": "",
                "from_port": 5432,
                "ipv6_cidr_blocks": [],
                "prefix_list_ids": [],
                "protocol": "tcp",
                "security_groups": [
                  "sg-0ddea2c0ad04c9a2c"
                ],
                "self": false,
                "to_port": 5432
              }
            ],
            "name": "ndh-rds-sg",
            "name_prefix": "",
            "owner_id": "250902968334",
            "revoke_rules_on_delete": false,
            "tags": {},
            "tags_all": {},
            "timeouts": null,
            "vpc_id": "vpc-037d5cfd3c5964cbf"
          },
          "sensitive_attributes": [],
          "identity_schema_version": 0,
          "private": "eyJlMmJmYjczMC1lY2FhLTExZTYtOGY4OC0zNDM2M2JjN2M0YzAiOnsiY3JlYXRlIjo2MDAwMDAwMDAwMDAsImRlbGV0ZSI6OTAwMDAwMDAwMDAwfSwic2NoZW1hX3ZlcnNpb24iOiIxIn0=",
          "dependencies": [
            "aws_security_group.ecs",
            "aws_security_group.glue_sg",
            "data.aws_vpc.default"
          ]
        }
      ]
    },
    {
      "mode": "managed",
      "type": "aws_vpc_security_group_egress_rule",
      "name": "glue_gs_allow_outbound_connections",
      "provider": "provider[\"registry.terraform.io/hashicorp/aws\"]",
      "instances": [
        {
          "schema_version": 0,
          "attributes": {
            "arn": "arn:aws-us-gov:ec2:us-gov-west-1:250902968334:security-group-rule/sgr-03198660ca83f0697",
            "cidr_ipv4": "0.0.0.0/0",
            "cidr_ipv6": null,
            "description": null,
            "from_port": null,
            "id": "sgr-03198660ca83f0697",
            "ip_protocol": "-1",
            "prefix_list_id": null,
            "referenced_security_group_id": null,
            "security_group_id": "sg-0a24f586332cd6f5c",
            "security_group_rule_id": "sgr-03198660ca83f0697",
            "tags": null,
            "tags_all": {},
            "to_port": null
          },
          "sensitive_attributes": [],
          "identity_schema_version": 0,
          "dependencies": [
            "aws_security_group.glue_sg",
            "data.aws_vpc.default"
          ]
        }
      ]
    },
    {
      "mode": "managed",
      "type": "aws_vpc_security_group_ingress_rule",
      "name": "glue_sg_allow_connections_from_self",
      "provider": "provider[\"registry.terraform.io/hashicorp/aws\"]",
      "instances": [
        {
          "schema_version": 0,
          "attributes": {
            "arn": "arn:aws-us-gov:ec2:us-gov-west-1:250902968334:security-group-rule/sgr-0cfe92a56b25fb144",
            "cidr_ipv4": null,
            "cidr_ipv6": null,
            "description": null,
            "from_port": null,
            "id": "sgr-0cfe92a56b25fb144",
            "ip_protocol": "-1",
            "prefix_list_id": null,
            "referenced_security_group_id": "sg-0a24f586332cd6f5c",
            "security_group_id": "sg-0a24f586332cd6f5c",
            "security_group_rule_id": "sgr-0cfe92a56b25fb144",
            "tags": null,
            "tags_all": {},
            "to_port": null
          },
          "sensitive_attributes": [],
          "identity_schema_version": 0,
          "dependencies": [
            "aws_security_group.glue_sg",
            "data.aws_vpc.default"
          ]
        }
      ]
    },
    {
      "module": "module.ecs.module.cluster",
      "mode": "managed",
      "type": "aws_cloudwatch_log_group",
      "name": "this",
      "provider": "provider[\"registry.terraform.io/hashicorp/aws\"]",
      "instances": [
        {
          "index_key": 0,
          "schema_version": 0,
          "attributes": {
            "arn": "arn:aws-us-gov:logs:us-gov-west-1:250902968334:log-group:/aws/ecs/ndh",
            "id": "/aws/ecs/ndh",
            "kms_key_id": "",
            "log_group_class": "STANDARD",
            "name": "/aws/ecs/ndh",
            "name_prefix": "",
            "retention_in_days": 90,
            "skip_destroy": false,
            "tags": {},
            "tags_all": {}
          },
          "sensitive_attributes": [],
          "identity_schema_version": 0,
          "private": "bnVsbA=="
        }
      ]
    },
    {
      "module": "module.ecs.module.cluster",
      "mode": "managed",
      "type": "aws_ecs_cluster",
      "name": "this",
      "provider": "provider[\"registry.terraform.io/hashicorp/aws\"]",
      "instances": [
        {
          "index_key": 0,
          "schema_version": 0,
          "attributes": {
            "arn": "arn:aws-us-gov:ecs:us-gov-west-1:250902968334:cluster/ndh",
            "configuration": [
              {
                "execute_command_configuration": [
                  {
                    "kms_key_id": "",
                    "log_configuration": [],
                    "logging": "DEFAULT"
                  }
                ],
                "managed_storage_configuration": []
              }
            ],
            "id": "arn:aws-us-gov:ecs:us-gov-west-1:250902968334:cluster/ndh",
            "name": "ndh",
            "service_connect_defaults": [],
            "setting": [
              {
                "name": "containerInsights",
                "value": "enabled"
              }
            ],
            "tags": {},
            "tags_all": {}
          },
          "sensitive_attributes": [],
          "identity_schema_version": 0,
          "private": "bnVsbA==",
          "dependencies": [
            "module.ecs.module.cluster.aws_cloudwatch_log_group.this"
          ]
        }
      ]
    },
    {
      "module": "module.ecs.module.cluster",
      "mode": "managed",
      "type": "aws_ecs_cluster_capacity_providers",
      "name": "this",
      "provider": "provider[\"registry.terraform.io/hashicorp/aws\"]",
      "instances": [
        {
          "index_key": 0,
          "schema_version": 0,
          "attributes": {
            "capacity_providers": [
              "FARGATE",
              "FARGATE_SPOT"
            ],
            "cluster_name": "ndh",
            "default_capacity_provider_strategy": [
              {
                "base": 0,
                "capacity_provider": "FARGATE_SPOT",
                "weight": 50
              },
              {
                "base": 20,
                "capacity_provider": "FARGATE",
                "weight": 50
              }
            ],
            "id": "ndh"
          },
          "sensitive_attributes": [],
          "identity_schema_version": 0,
          "private": "bnVsbA==",
          "dependencies": [
            "module.ecs.module.cluster.aws_cloudwatch_log_group.this",
            "module.ecs.module.cluster.aws_ecs_capacity_provider.this",
            "module.ecs.module.cluster.aws_ecs_cluster.this"
          ]
        }
      ]
    },
    {
      "module": "module.rds.module.db_instance",
      "mode": "data",
      "type": "aws_iam_policy_document",
      "name": "enhanced_monitoring",
      "provider": "provider[\"registry.terraform.io/hashicorp/aws\"]",
      "instances": [
        {
          "schema_version": 0,
          "attributes": {
            "id": "76086537",
            "json": "{\n  \"Version\": \"2012-10-17\",\n  \"Statement\": [\n    {\n      \"Effect\": \"Allow\",\n      \"Action\": \"sts:AssumeRole\",\n      \"Principal\": {\n        \"Service\": \"monitoring.rds.amazonaws.com\"\n      }\n    }\n  ]\n}",
            "minified_json": "{\"Version\":\"2012-10-17\",\"Statement\":[{\"Effect\":\"Allow\",\"Action\":\"sts:AssumeRole\",\"Principal\":{\"Service\":\"monitoring.rds.amazonaws.com\"}}]}",
            "override_json": null,
            "override_policy_documents": null,
            "policy_id": null,
            "source_json": null,
            "source_policy_documents": null,
            "statement": [
              {
                "actions": [
                  "sts:AssumeRole"
                ],
                "condition": [],
                "effect": "Allow",
                "not_actions": [],
                "not_principals": [],
                "not_resources": [],
                "principals": [
                  {
                    "identifiers": [
                      "monitoring.rds.amazonaws.com"
                    ],
                    "type": "Service"
                  }
                ],
                "resources": [],
                "sid": ""
              }
            ],
            "version": "2012-10-17"
          },
          "sensitive_attributes": [],
          "identity_schema_version": 0
        }
      ]
    },
    {
      "module": "module.rds.module.db_instance",
      "mode": "data",
      "type": "aws_partition",
      "name": "current",
      "provider": "provider[\"registry.terraform.io/hashicorp/aws\"]",
      "instances": [
        {
          "schema_version": 0,
          "attributes": {
            "dns_suffix": "amazonaws.com",
            "id": "aws-us-gov",
            "partition": "aws-us-gov",
            "reverse_dns_prefix": "com.amazonaws"
          },
          "sensitive_attributes": [],
          "identity_schema_version": 0
        }
      ]
    },
    {
      "module": "module.rds.module.db_instance",
      "mode": "managed",
      "type": "aws_db_instance",
      "name": "this",
      "provider": "provider[\"registry.terraform.io/hashicorp/aws\"]",
      "instances": [
        {
          "index_key": 0,
          "schema_version": 2,
          "attributes": {
            "address": "ndh-db.cc4bjqrthx7g.us-gov-west-1.rds.amazonaws.com",
            "allocated_storage": 100,
            "allow_major_version_upgrade": false,
            "apply_immediately": false,
            "arn": "arn:aws-us-gov:rds:us-gov-west-1:250902968334:db:ndh-db",
            "auto_minor_version_upgrade": true,
            "availability_zone": "us-gov-west-1b",
            "backup_retention_period": 0,
            "backup_target": "region",
            "backup_window": "10:04-10:34",
            "blue_green_update": [],
            "ca_cert_identifier": "rds-ca-rsa4096-g1",
            "character_set_name": "",
            "copy_tags_to_snapshot": false,
            "custom_iam_instance_profile": "",
            "customer_owned_ip_enabled": false,
            "database_insights_mode": "standard",
            "db_name": "ndh",
            "db_subnet_group_name": "ndh-db-subnet",
            "dedicated_log_volume": false,
            "delete_automated_backups": true,
            "deletion_protection": false,
            "domain": "",
            "domain_auth_secret_arn": "",
            "domain_dns_ips": [],
            "domain_fqdn": "",
            "domain_iam_role_name": "",
            "domain_ou": "",
            "enabled_cloudwatch_logs_exports": [],
            "endpoint": "ndh-db.cc4bjqrthx7g.us-gov-west-1.rds.amazonaws.com:5432",
            "engine": "postgres",
            "engine_lifecycle_support": "open-source-rds-extended-support",
            "engine_version": "17",
            "engine_version_actual": "17.4",
            "final_snapshot_identifier": "final-ndh-db-5d1f7ee1",
            "hosted_zone_id": "Z2YROVNTF0QJSQ",
            "iam_database_authentication_enabled": false,
            "id": "db-Q4AMXAIGS44EX7PNLUZYFBFDNY",
            "identifier": "ndh-db",
            "identifier_prefix": "",
            "instance_class": "db.t3.micro",
            "iops": 0,
            "kms_key_id": "arn:aws-us-gov:kms:us-gov-west-1:250902968334:key/71f7521c-8dc3-4545-8130-5721ba75257d",
            "latest_restorable_time": "",
            "license_model": "postgresql-license",
            "listener_endpoint": [],
            "maintenance_window": "sun:08:26-sun:08:56",
            "manage_master_user_password": true,
            "master_user_secret": [
              {
                "kms_key_id": "arn:aws-us-gov:kms:us-gov-west-1:250902968334:key/f5d77ee2-7d4e-4257-838e-fbf3f4a89eb4",
                "secret_arn": "arn:aws-us-gov:secretsmanager:us-gov-west-1:250902968334:secret:rds!db-5b9fa1e5-8c4d-49ba-b9ac-22f16d061094-uYu1Kq",
                "secret_status": "active"
              }
            ],
            "master_user_secret_kms_key_id": null,
            "max_allocated_storage": 0,
            "monitoring_interval": 0,
            "monitoring_role_arn": "",
            "multi_az": false,
            "nchar_character_set_name": "",
            "network_type": "IPV4",
            "option_group_name": "default:postgres-17",
            "parameter_group_name": "ndh-db-20250627212145854400000001",
            "password": null,
            "password_wo": null,
            "password_wo_version": null,
            "performance_insights_enabled": false,
            "performance_insights_kms_key_id": "",
            "performance_insights_retention_period": 0,
            "port": 5432,
            "publicly_accessible": true,
            "replica_mode": "",
            "replicas": [],
            "replicate_source_db": "",
            "resource_id": "db-Q4AMXAIGS44EX7PNLUZYFBFDNY",
            "restore_to_point_in_time": [],
            "s3_import": [],
            "skip_final_snapshot": false,
            "snapshot_identifier": null,
            "status": "available",
            "storage_encrypted": true,
            "storage_throughput": 0,
            "storage_type": "gp2",
            "tags": {},
            "tags_all": {},
            "timeouts": {
              "create": null,
              "delete": null,
              "update": null
            },
            "timezone": "",
            "upgrade_storage_config": null,
            "username": "ndh",
            "vpc_security_group_ids": [
              "sg-080d986c03556942f"
            ]
          },
          "sensitive_attributes": [
            [
              {
                "type": "get_attr",
                "value": "password"
              }
            ],
            [
              {
                "type": "get_attr",
                "value": "password_wo"
              }
            ]
          ],
          "identity_schema_version": 0,
          "private": "eyJlMmJmYjczMC1lY2FhLTExZTYtOGY4OC0zNDM2M2JjN2M0YzAiOnsiY3JlYXRlIjozMDAwMDAwMDAwMDAwLCJkZWxldGUiOjM2MDAwMDAwMDAwMDAsInVwZGF0ZSI6NDgwMDAwMDAwMDAwMH0sInNjaGVtYV92ZXJzaW9uIjoiMiJ9",
          "dependencies": [
            "aws_db_subnet_group.db",
            "aws_security_group.ecs",
            "aws_security_group.glue_sg",
            "aws_security_group.rds_sg",
            "data.aws_subnets.public",
            "data.aws_vpc.default",
            "module.rds.module.db_instance.aws_cloudwatch_log_group.this",
            "module.rds.module.db_instance.aws_iam_role.enhanced_monitoring",
            "module.rds.module.db_instance.data.aws_iam_policy_document.enhanced_monitoring",
            "module.rds.module.db_instance.random_id.snapshot_identifier",
            "module.rds.module.db_option_group.aws_db_option_group.this",
            "module.rds.module.db_parameter_group.aws_db_parameter_group.this",
            "module.rds.module.db_subnet_group.aws_db_subnet_group.this"
          ]
        }
      ]
    },
    {
      "module": "module.rds.module.db_instance",
      "mode": "managed",
      "type": "random_id",
      "name": "snapshot_identifier",
      "provider": "provider[\"registry.terraform.io/hashicorp/random\"]",
      "instances": [
        {
          "index_key": 0,
          "schema_version": 0,
          "attributes": {
            "b64_std": "XR9+4Q==",
            "b64_url": "XR9-4Q",
            "byte_length": 4,
            "dec": "1562345185",
            "hex": "5d1f7ee1",
            "id": "XR9-4Q",
            "keepers": {
              "id": "ndh-db",
              "snapshot_identifier": null
            },
            "prefix": null
          },
          "sensitive_attributes": [],
          "identity_schema_version": 0
        }
      ]
    },
    {
      "module": "module.rds.module.db_parameter_group",
      "mode": "managed",
      "type": "aws_db_parameter_group",
      "name": "this",
      "provider": "provider[\"registry.terraform.io/hashicorp/aws\"]",
      "instances": [
        {
          "index_key": 0,
          "schema_version": 0,
          "attributes": {
            "arn": "arn:aws-us-gov:rds:us-gov-west-1:250902968334:pg:ndh-db-20250627212145854400000001",
            "description": "ndh-db parameter group",
            "family": "postgres17",
            "id": "ndh-db-20250627212145854400000001",
            "name": "ndh-db-20250627212145854400000001",
            "name_prefix": "ndh-db-",
            "parameter": [],
            "skip_destroy": false,
            "tags": {
              "Name": "ndh-db"
            },
            "tags_all": {
              "Name": "ndh-db"
            }
          },
          "sensitive_attributes": [],
          "identity_schema_version": 0,
          "private": "bnVsbA==",
          "create_before_destroy": true
        }
      ]
    }
  ],
  "check_results": null
}
